// !$*UTF8*$!
{
	archiveVersion = 1;
	classes = {
	};
	objectVersion = 55;
	objects = {

/* Begin PBXBuildFile section */
		120E1BA82854589700B88BE6 /* PhoneLoginView.swift in Sources */ = {isa = PBXBuildFile; fileRef = 120E1BA72854589700B88BE6 /* PhoneLoginView.swift */; };
		120E1BAA28545D1E00B88BE6 /* cornerRadius Extension.swift in Sources */ = {isa = PBXBuildFile; fileRef = 120E1BA928545D1E00B88BE6 /* cornerRadius Extension.swift */; };
		120E1BAD28546A0A00B88BE6 /* KeyPadButton.swift in Sources */ = {isa = PBXBuildFile; fileRef = 120E1BAC28546A0A00B88BE6 /* KeyPadButton.swift */; };
		120E1BAF28546A4E00B88BE6 /* KeyPadRow.swift in Sources */ = {isa = PBXBuildFile; fileRef = 120E1BAE28546A4E00B88BE6 /* KeyPadRow.swift */; };
		120E1BB128546A8200B88BE6 /* KeyPad.swift in Sources */ = {isa = PBXBuildFile; fileRef = 120E1BB028546A8200B88BE6 /* KeyPad.swift */; };
		120E1BB52854746100B88BE6 /* VerifyOTPView.swift in Sources */ = {isa = PBXBuildFile; fileRef = 120E1BB42854746100B88BE6 /* VerifyOTPView.swift */; };
		120E1BB7285475A700B88BE6 /* OnboardingView.swift in Sources */ = {isa = PBXBuildFile; fileRef = 120E1BB6285475A700B88BE6 /* OnboardingView.swift */; };
		120E1BB92854762700B88BE6 /* SegmentsView.swift in Sources */ = {isa = PBXBuildFile; fileRef = 120E1BB82854762700B88BE6 /* SegmentsView.swift */; };
		120E1BBB2854830100B88BE6 /* EntryField.swift in Sources */ = {isa = PBXBuildFile; fileRef = 120E1BBA2854830100B88BE6 /* EntryField.swift */; };
		120E1BBD2854842400B88BE6 /* OnBoardingViewModel.swift in Sources */ = {isa = PBXBuildFile; fileRef = 120E1BBC2854842400B88BE6 /* OnBoardingViewModel.swift */; };
		120E1BBF285487E000B88BE6 /* View Extension.swift in Sources */ = {isa = PBXBuildFile; fileRef = 120E1BBE285487E000B88BE6 /* View Extension.swift */; };
		120E1BC228548C6100B88BE6 /* CustomTextField.swift in Sources */ = {isa = PBXBuildFile; fileRef = 120E1BC128548C6100B88BE6 /* CustomTextField.swift */; };
		122368F7285A3F7C00B900D6 /* Colors.xcassets in Resources */ = {isa = PBXBuildFile; fileRef = 122368F6285A3F7C00B900D6 /* Colors.xcassets */; };
		122368F9285A42BE00B900D6 /* CustomProgressView.swift in Sources */ = {isa = PBXBuildFile; fileRef = 122368F8285A42BE00B900D6 /* CustomProgressView.swift */; };
		122368FC285A468500B900D6 /* HomeTabViewModel.swift in Sources */ = {isa = PBXBuildFile; fileRef = 122368FB285A468500B900D6 /* HomeTabViewModel.swift */; };
		122368FE285A47C900B900D6 /* HomeTabModel.swift in Sources */ = {isa = PBXBuildFile; fileRef = 122368FD285A47C900B900D6 /* HomeTabModel.swift */; };
		12236900285A490100B900D6 /* GoogleService-Info.plist in Resources */ = {isa = PBXBuildFile; fileRef = 122368FF285A490100B900D6 /* GoogleService-Info.plist */; };
		12236901285A490100B900D6 /* GoogleService-Info.plist in Resources */ = {isa = PBXBuildFile; fileRef = 122368FF285A490100B900D6 /* GoogleService-Info.plist */; };
		12236902285A490100B900D6 /* GoogleService-Info.plist in Resources */ = {isa = PBXBuildFile; fileRef = 122368FF285A490100B900D6 /* GoogleService-Info.plist */; };
		122F5AAA285A139E00869540 /* HomeView.swift in Sources */ = {isa = PBXBuildFile; fileRef = 122F5AA9285A139E00869540 /* HomeView.swift */; };
		122F5AAC285A15D600869540 /* Common.swift in Sources */ = {isa = PBXBuildFile; fileRef = 122F5AAB285A15D600869540 /* Common.swift */; };
		122F5AAE285A19E200869540 /* UserAuth.swift in Sources */ = {isa = PBXBuildFile; fileRef = 122F5AAD285A19E200869540 /* UserAuth.swift */; };
		12661AEA285A289B00897990 /* AnalyticsView.swift in Sources */ = {isa = PBXBuildFile; fileRef = 12661AE9285A289B00897990 /* AnalyticsView.swift */; };
		12661AEC285A295500897990 /* HomeTabView.swift in Sources */ = {isa = PBXBuildFile; fileRef = 12661AEB285A295500897990 /* HomeTabView.swift */; };
		12661AEE285A29A700897990 /* ProfileView.swift in Sources */ = {isa = PBXBuildFile; fileRef = 12661AED285A29A700897990 /* ProfileView.swift */; };
		12ABEB0728461DA7005FCE5A /* LoginView.swift in Sources */ = {isa = PBXBuildFile; fileRef = 12ABEB0628461DA7005FCE5A /* LoginView.swift */; };
		12ABEB09284620B0005FCE5A /* Colors.swift in Sources */ = {isa = PBXBuildFile; fileRef = 12ABEB08284620B0005FCE5A /* Colors.swift */; };
		12C7DC472859C7F800E6D00F /* SignupView.swift in Sources */ = {isa = PBXBuildFile; fileRef = 12C7DC462859C7F800E6D00F /* SignupView.swift */; };
		12C7DC4A2859C83A00E6D00F /* SignupViewModel.swift in Sources */ = {isa = PBXBuildFile; fileRef = 12C7DC492859C83A00E6D00F /* SignupViewModel.swift */; };
		12C7DC4D2859C97600E6D00F /* SignInView.swift in Sources */ = {isa = PBXBuildFile; fileRef = 12C7DC4C2859C97600E6D00F /* SignInView.swift */; };
		12C7DC4F2859C98300E6D00F /* SignInViewModel.swift in Sources */ = {isa = PBXBuildFile; fileRef = 12C7DC4E2859C98300E6D00F /* SignInViewModel.swift */; };
		12D3085B2858939B00C56D87 /* NetworkRequest.swift in Sources */ = {isa = PBXBuildFile; fileRef = 12D3085A2858939B00C56D87 /* NetworkRequest.swift */; };
		12D3085D285893C900C56D87 /* WhoofRequests.swift in Sources */ = {isa = PBXBuildFile; fileRef = 12D3085C285893C900C56D87 /* WhoofRequests.swift */; };
		12D308612858976000C56D87 /* BetterDecodingError.swift in Sources */ = {isa = PBXBuildFile; fileRef = 12D308602858976000C56D87 /* BetterDecodingError.swift */; };
		12ED5CEA2845EDCB009C2E06 /* WhoofApp.swift in Sources */ = {isa = PBXBuildFile; fileRef = 12ED5CE92845EDCB009C2E06 /* WhoofApp.swift */; };
		12ED5CEC2845EDCB009C2E06 /* ContentView.swift in Sources */ = {isa = PBXBuildFile; fileRef = 12ED5CEB2845EDCB009C2E06 /* ContentView.swift */; };
		12ED5CEE2845EDCC009C2E06 /* Assets.xcassets in Resources */ = {isa = PBXBuildFile; fileRef = 12ED5CED2845EDCC009C2E06 /* Assets.xcassets */; };
		12ED5CF12845EDCC009C2E06 /* Preview Assets.xcassets in Resources */ = {isa = PBXBuildFile; fileRef = 12ED5CF02845EDCC009C2E06 /* Preview Assets.xcassets */; };
		12ED5CFB2845EDCC009C2E06 /* WhoofTests.swift in Sources */ = {isa = PBXBuildFile; fileRef = 12ED5CFA2845EDCC009C2E06 /* WhoofTests.swift */; };
		12ED5D052845EDCD009C2E06 /* WhoofUITests.swift in Sources */ = {isa = PBXBuildFile; fileRef = 12ED5D042845EDCD009C2E06 /* WhoofUITests.swift */; };
		12ED5D072845EDCD009C2E06 /* WhoofUITestsLaunchTests.swift in Sources */ = {isa = PBXBuildFile; fileRef = 12ED5D062845EDCD009C2E06 /* WhoofUITestsLaunchTests.swift */; };
/* End PBXBuildFile section */

/* Begin PBXContainerItemProxy section */
		12ED5CF72845EDCC009C2E06 /* PBXContainerItemProxy */ = {
			isa = PBXContainerItemProxy;
			containerPortal = 12ED5CDE2845EDCA009C2E06 /* Project object */;
			proxyType = 1;
			remoteGlobalIDString = 12ED5CE52845EDCB009C2E06;
			remoteInfo = Whoof;
		};
		12ED5D012845EDCD009C2E06 /* PBXContainerItemProxy */ = {
			isa = PBXContainerItemProxy;
			containerPortal = 12ED5CDE2845EDCA009C2E06 /* Project object */;
			proxyType = 1;
			remoteGlobalIDString = 12ED5CE52845EDCB009C2E06;
			remoteInfo = Whoof;
		};
/* End PBXContainerItemProxy section */

/* Begin PBXFileReference section */
		120E1BA72854589700B88BE6 /* PhoneLoginView.swift */ = {isa = PBXFileReference; lastKnownFileType = sourcecode.swift; path = PhoneLoginView.swift; sourceTree = "<group>"; };
		120E1BA928545D1E00B88BE6 /* cornerRadius Extension.swift */ = {isa = PBXFileReference; lastKnownFileType = sourcecode.swift; path = "cornerRadius Extension.swift"; sourceTree = "<group>"; };
		120E1BAC28546A0A00B88BE6 /* KeyPadButton.swift */ = {isa = PBXFileReference; lastKnownFileType = sourcecode.swift; path = KeyPadButton.swift; sourceTree = "<group>"; };
		120E1BAE28546A4E00B88BE6 /* KeyPadRow.swift */ = {isa = PBXFileReference; lastKnownFileType = sourcecode.swift; path = KeyPadRow.swift; sourceTree = "<group>"; };
		120E1BB028546A8200B88BE6 /* KeyPad.swift */ = {isa = PBXFileReference; lastKnownFileType = sourcecode.swift; path = KeyPad.swift; sourceTree = "<group>"; };
		120E1BB328546BF000B88BE6 /* Montserrat-Light.ttf */ = {isa = PBXFileReference; lastKnownFileType = file; path = "Montserrat-Light.ttf"; sourceTree = "<group>"; };
		120E1BB42854746100B88BE6 /* VerifyOTPView.swift */ = {isa = PBXFileReference; lastKnownFileType = sourcecode.swift; path = VerifyOTPView.swift; sourceTree = "<group>"; };
		120E1BB6285475A700B88BE6 /* OnboardingView.swift */ = {isa = PBXFileReference; lastKnownFileType = sourcecode.swift; path = OnboardingView.swift; sourceTree = "<group>"; };
		120E1BB82854762700B88BE6 /* SegmentsView.swift */ = {isa = PBXFileReference; lastKnownFileType = sourcecode.swift; path = SegmentsView.swift; sourceTree = "<group>"; };
		120E1BBA2854830100B88BE6 /* EntryField.swift */ = {isa = PBXFileReference; lastKnownFileType = sourcecode.swift; path = EntryField.swift; sourceTree = "<group>"; };
		120E1BBC2854842400B88BE6 /* OnBoardingViewModel.swift */ = {isa = PBXFileReference; lastKnownFileType = sourcecode.swift; path = OnBoardingViewModel.swift; sourceTree = "<group>"; };
		120E1BBE285487E000B88BE6 /* View Extension.swift */ = {isa = PBXFileReference; lastKnownFileType = sourcecode.swift; path = "View Extension.swift"; sourceTree = "<group>"; };
		120E1BC128548C6100B88BE6 /* CustomTextField.swift */ = {isa = PBXFileReference; lastKnownFileType = sourcecode.swift; path = CustomTextField.swift; sourceTree = "<group>"; };
		122368F6285A3F7C00B900D6 /* Colors.xcassets */ = {isa = PBXFileReference; lastKnownFileType = folder.assetcatalog; path = Colors.xcassets; sourceTree = "<group>"; };
		122368F8285A42BE00B900D6 /* CustomProgressView.swift */ = {isa = PBXFileReference; lastKnownFileType = sourcecode.swift; path = CustomProgressView.swift; sourceTree = "<group>"; };
		122368FB285A468500B900D6 /* HomeTabViewModel.swift */ = {isa = PBXFileReference; lastKnownFileType = sourcecode.swift; path = HomeTabViewModel.swift; sourceTree = "<group>"; };
		122368FD285A47C900B900D6 /* HomeTabModel.swift */ = {isa = PBXFileReference; lastKnownFileType = sourcecode.swift; path = HomeTabModel.swift; sourceTree = "<group>"; };
		122368FF285A490100B900D6 /* GoogleService-Info.plist */ = {isa = PBXFileReference; fileEncoding = 4; lastKnownFileType = text.plist.xml; path = "GoogleService-Info.plist"; sourceTree = "<group>"; };
		122F5AA9285A139E00869540 /* HomeView.swift */ = {isa = PBXFileReference; lastKnownFileType = sourcecode.swift; path = HomeView.swift; sourceTree = "<group>"; };
		122F5AAB285A15D600869540 /* Common.swift */ = {isa = PBXFileReference; lastKnownFileType = sourcecode.swift; path = Common.swift; sourceTree = "<group>"; };
		122F5AAD285A19E200869540 /* UserAuth.swift */ = {isa = PBXFileReference; lastKnownFileType = sourcecode.swift; path = UserAuth.swift; sourceTree = "<group>"; };
		12661AE9285A289B00897990 /* AnalyticsView.swift */ = {isa = PBXFileReference; lastKnownFileType = sourcecode.swift; path = AnalyticsView.swift; sourceTree = "<group>"; };
		12661AEB285A295500897990 /* HomeTabView.swift */ = {isa = PBXFileReference; lastKnownFileType = sourcecode.swift; path = HomeTabView.swift; sourceTree = "<group>"; };
		12661AED285A29A700897990 /* ProfileView.swift */ = {isa = PBXFileReference; lastKnownFileType = sourcecode.swift; path = ProfileView.swift; sourceTree = "<group>"; };
		12ABEB0628461DA7005FCE5A /* LoginView.swift */ = {isa = PBXFileReference; lastKnownFileType = sourcecode.swift; path = LoginView.swift; sourceTree = "<group>"; };
		12ABEB08284620B0005FCE5A /* Colors.swift */ = {isa = PBXFileReference; lastKnownFileType = sourcecode.swift; path = Colors.swift; sourceTree = "<group>"; };
		12C7DC462859C7F800E6D00F /* SignupView.swift */ = {isa = PBXFileReference; lastKnownFileType = sourcecode.swift; path = SignupView.swift; sourceTree = "<group>"; };
		12C7DC492859C83A00E6D00F /* SignupViewModel.swift */ = {isa = PBXFileReference; lastKnownFileType = sourcecode.swift; path = SignupViewModel.swift; sourceTree = "<group>"; };
		12C7DC4C2859C97600E6D00F /* SignInView.swift */ = {isa = PBXFileReference; lastKnownFileType = sourcecode.swift; path = SignInView.swift; sourceTree = "<group>"; };
		12C7DC4E2859C98300E6D00F /* SignInViewModel.swift */ = {isa = PBXFileReference; lastKnownFileType = sourcecode.swift; path = SignInViewModel.swift; sourceTree = "<group>"; };
		12D3085A2858939B00C56D87 /* NetworkRequest.swift */ = {isa = PBXFileReference; lastKnownFileType = sourcecode.swift; path = NetworkRequest.swift; sourceTree = "<group>"; };
		12D3085C285893C900C56D87 /* WhoofRequests.swift */ = {isa = PBXFileReference; lastKnownFileType = sourcecode.swift; path = WhoofRequests.swift; sourceTree = "<group>"; };
		12D308602858976000C56D87 /* BetterDecodingError.swift */ = {isa = PBXFileReference; lastKnownFileType = sourcecode.swift; path = BetterDecodingError.swift; sourceTree = "<group>"; };
		12ED5CE62845EDCB009C2E06 /* Whoof.app */ = {isa = PBXFileReference; explicitFileType = wrapper.application; includeInIndex = 0; path = Whoof.app; sourceTree = BUILT_PRODUCTS_DIR; };
		12ED5CE92845EDCB009C2E06 /* WhoofApp.swift */ = {isa = PBXFileReference; lastKnownFileType = sourcecode.swift; path = WhoofApp.swift; sourceTree = "<group>"; };
		12ED5CEB2845EDCB009C2E06 /* ContentView.swift */ = {isa = PBXFileReference; lastKnownFileType = sourcecode.swift; path = ContentView.swift; sourceTree = "<group>"; };
		12ED5CED2845EDCC009C2E06 /* Assets.xcassets */ = {isa = PBXFileReference; lastKnownFileType = folder.assetcatalog; path = Assets.xcassets; sourceTree = "<group>"; };
		12ED5CF02845EDCC009C2E06 /* Preview Assets.xcassets */ = {isa = PBXFileReference; lastKnownFileType = folder.assetcatalog; path = "Preview Assets.xcassets"; sourceTree = "<group>"; };
		12ED5CF62845EDCC009C2E06 /* WhoofTests.xctest */ = {isa = PBXFileReference; explicitFileType = wrapper.cfbundle; includeInIndex = 0; path = WhoofTests.xctest; sourceTree = BUILT_PRODUCTS_DIR; };
		12ED5CFA2845EDCC009C2E06 /* WhoofTests.swift */ = {isa = PBXFileReference; lastKnownFileType = sourcecode.swift; path = WhoofTests.swift; sourceTree = "<group>"; };
		12ED5D002845EDCD009C2E06 /* WhoofUITests.xctest */ = {isa = PBXFileReference; explicitFileType = wrapper.cfbundle; includeInIndex = 0; path = WhoofUITests.xctest; sourceTree = BUILT_PRODUCTS_DIR; };
		12ED5D042845EDCD009C2E06 /* WhoofUITests.swift */ = {isa = PBXFileReference; lastKnownFileType = sourcecode.swift; path = WhoofUITests.swift; sourceTree = "<group>"; };
		12ED5D062845EDCD009C2E06 /* WhoofUITestsLaunchTests.swift */ = {isa = PBXFileReference; lastKnownFileType = sourcecode.swift; path = WhoofUITestsLaunchTests.swift; sourceTree = "<group>"; };
/* End PBXFileReference section */

/* Begin PBXFrameworksBuildPhase section */
		12ED5CE32845EDCB009C2E06 /* Frameworks */ = {
			isa = PBXFrameworksBuildPhase;
			buildActionMask = 2147483647;
			files = (
			);
			runOnlyForDeploymentPostprocessing = 0;
		};
		12ED5CF32845EDCC009C2E06 /* Frameworks */ = {
			isa = PBXFrameworksBuildPhase;
			buildActionMask = 2147483647;
			files = (
			);
			runOnlyForDeploymentPostprocessing = 0;
		};
		12ED5CFD2845EDCD009C2E06 /* Frameworks */ = {
			isa = PBXFrameworksBuildPhase;
			buildActionMask = 2147483647;
			files = (
			);
			runOnlyForDeploymentPostprocessing = 0;
		};
/* End PBXFrameworksBuildPhase section */

/* Begin PBXGroup section */
		120E1BA62854587100B88BE6 /* Login */ = {
			isa = PBXGroup;
			children = (
				12C7DC4B2859C95E00E6D00F /* SignIn */,
				12C7DC452859C7E500E6D00F /* Signup */,
				120E1BAB285469EF00B88BE6 /* NumberPad */,
				120E1BA72854589700B88BE6 /* PhoneLoginView.swift */,
				120E1BB42854746100B88BE6 /* VerifyOTPView.swift */,
				120E1BB6285475A700B88BE6 /* OnboardingView.swift */,
				120E1BBC2854842400B88BE6 /* OnBoardingViewModel.swift */,
			);
			path = Login;
			sourceTree = "<group>";
		};
		120E1BAB285469EF00B88BE6 /* NumberPad */ = {
			isa = PBXGroup;
			children = (
				120E1BAC28546A0A00B88BE6 /* KeyPadButton.swift */,
				120E1BAE28546A4E00B88BE6 /* KeyPadRow.swift */,
				120E1BB028546A8200B88BE6 /* KeyPad.swift */,
			);
			path = NumberPad;
			sourceTree = "<group>";
		};
		120E1BB228546BD600B88BE6 /* Fonts */ = {
			isa = PBXGroup;
			children = (
				120E1BB328546BF000B88BE6 /* Montserrat-Light.ttf */,
			);
			path = Fonts;
			sourceTree = "<group>";
		};
		120E1BC0285487E700B88BE6 /* Extensions */ = {
			isa = PBXGroup;
			children = (
				120E1BBE285487E000B88BE6 /* View Extension.swift */,
			);
			path = Extensions;
			sourceTree = "<group>";
		};
		122368FA285A466600B900D6 /* HomeTab */ = {
			isa = PBXGroup;
			children = (
				12661AEB285A295500897990 /* HomeTabView.swift */,
				122368FB285A468500B900D6 /* HomeTabViewModel.swift */,
				122368FD285A47C900B900D6 /* HomeTabModel.swift */,
			);
			path = HomeTab;
			sourceTree = "<group>";
		};
		122F5AA8285A138A00869540 /* Home */ = {
			isa = PBXGroup;
			children = (
				12661AE8285A288700897990 /* Tabs */,
				122F5AA9285A139E00869540 /* HomeView.swift */,
			);
			path = Home;
			sourceTree = "<group>";
		};
		12661AE8285A288700897990 /* Tabs */ = {
			isa = PBXGroup;
			children = (
				122368FA285A466600B900D6 /* HomeTab */,
				12661AE9285A289B00897990 /* AnalyticsView.swift */,
				12661AED285A29A700897990 /* ProfileView.swift */,
			);
			path = Tabs;
			sourceTree = "<group>";
		};
		12C7DC452859C7E500E6D00F /* Signup */ = {
			isa = PBXGroup;
			children = (
				12C7DC462859C7F800E6D00F /* SignupView.swift */,
				12C7DC492859C83A00E6D00F /* SignupViewModel.swift */,
			);
			path = Signup;
			sourceTree = "<group>";
		};
		12C7DC4B2859C95E00E6D00F /* SignIn */ = {
			isa = PBXGroup;
			children = (
				12C7DC4C2859C97600E6D00F /* SignInView.swift */,
				12C7DC4E2859C98300E6D00F /* SignInViewModel.swift */,
			);
			path = SignIn;
			sourceTree = "<group>";
		};
		12D308592858936300C56D87 /* CombineNetwork */ = {
			isa = PBXGroup;
			children = (
				12D3085A2858939B00C56D87 /* NetworkRequest.swift */,
				12D3085C285893C900C56D87 /* WhoofRequests.swift */,
				12D308602858976000C56D87 /* BetterDecodingError.swift */,
			);
			path = CombineNetwork;
			sourceTree = "<group>";
		};
		12ED5CDD2845EDCA009C2E06 = {
			isa = PBXGroup;
			children = (
				12ED5CE82845EDCB009C2E06 /* Whoof */,
				12ED5CF92845EDCC009C2E06 /* WhoofTests */,
				12ED5D032845EDCD009C2E06 /* WhoofUITests */,
				12ED5CE72845EDCB009C2E06 /* Products */,
			);
			sourceTree = "<group>";
		};
		12ED5CE72845EDCB009C2E06 /* Products */ = {
			isa = PBXGroup;
			children = (
				12ED5CE62845EDCB009C2E06 /* Whoof.app */,
				12ED5CF62845EDCC009C2E06 /* WhoofTests.xctest */,
				12ED5D002845EDCD009C2E06 /* WhoofUITests.xctest */,
			);
			name = Products;
			sourceTree = "<group>";
		};
		12ED5CE82845EDCB009C2E06 /* Whoof */ = {
			isa = PBXGroup;
			children = (
				122F5AA8285A138A00869540 /* Home */,
				12D308592858936300C56D87 /* CombineNetwork */,
				120E1BC0285487E700B88BE6 /* Extensions */,
				120E1BB228546BD600B88BE6 /* Fonts */,
				120E1BA62854587100B88BE6 /* Login */,
				12ED5CE92845EDCB009C2E06 /* WhoofApp.swift */,
				12ED5CEB2845EDCB009C2E06 /* ContentView.swift */,
				12ABEB0628461DA7005FCE5A /* LoginView.swift */,
				12ED5CED2845EDCC009C2E06 /* Assets.xcassets */,
				122368FF285A490100B900D6 /* GoogleService-Info.plist */,
				12ED5CEF2845EDCC009C2E06 /* Preview Content */,
				12ABEB08284620B0005FCE5A /* Colors.swift */,
				120E1BA928545D1E00B88BE6 /* cornerRadius Extension.swift */,
				120E1BB82854762700B88BE6 /* SegmentsView.swift */,
				120E1BBA2854830100B88BE6 /* EntryField.swift */,
				120E1BC128548C6100B88BE6 /* CustomTextField.swift */,
				122F5AAB285A15D600869540 /* Common.swift */,
				122F5AAD285A19E200869540 /* UserAuth.swift */,
				122368F6285A3F7C00B900D6 /* Colors.xcassets */,
				122368F8285A42BE00B900D6 /* CustomProgressView.swift */,
			);
			path = Whoof;
			sourceTree = "<group>";
		};
		12ED5CEF2845EDCC009C2E06 /* Preview Content */ = {
			isa = PBXGroup;
			children = (
				12ED5CF02845EDCC009C2E06 /* Preview Assets.xcassets */,
			);
			path = "Preview Content";
			sourceTree = "<group>";
		};
		12ED5CF92845EDCC009C2E06 /* WhoofTests */ = {
			isa = PBXGroup;
			children = (
				12ED5CFA2845EDCC009C2E06 /* WhoofTests.swift */,
			);
			path = WhoofTests;
			sourceTree = "<group>";
		};
		12ED5D032845EDCD009C2E06 /* WhoofUITests */ = {
			isa = PBXGroup;
			children = (
				12ED5D042845EDCD009C2E06 /* WhoofUITests.swift */,
				12ED5D062845EDCD009C2E06 /* WhoofUITestsLaunchTests.swift */,
			);
			path = WhoofUITests;
			sourceTree = "<group>";
		};
/* End PBXGroup section */

/* Begin PBXNativeTarget section */
		12ED5CE52845EDCB009C2E06 /* Whoof */ = {
			isa = PBXNativeTarget;
			buildConfigurationList = 12ED5D0A2845EDCD009C2E06 /* Build configuration list for PBXNativeTarget "Whoof" */;
			buildPhases = (
				12ED5CE22845EDCB009C2E06 /* Sources */,
				12ED5CE32845EDCB009C2E06 /* Frameworks */,
				12ED5CE42845EDCB009C2E06 /* Resources */,
			);
			buildRules = (
			);
			dependencies = (
			);
			name = Whoof;
			productName = Whoof;
			productReference = 12ED5CE62845EDCB009C2E06 /* Whoof.app */;
			productType = "com.apple.product-type.application";
		};
		12ED5CF52845EDCC009C2E06 /* WhoofTests */ = {
			isa = PBXNativeTarget;
			buildConfigurationList = 12ED5D0D2845EDCD009C2E06 /* Build configuration list for PBXNativeTarget "WhoofTests" */;
			buildPhases = (
				12ED5CF22845EDCC009C2E06 /* Sources */,
				12ED5CF32845EDCC009C2E06 /* Frameworks */,
				12ED5CF42845EDCC009C2E06 /* Resources */,
			);
			buildRules = (
			);
			dependencies = (
				12ED5CF82845EDCC009C2E06 /* PBXTargetDependency */,
			);
			name = WhoofTests;
			productName = WhoofTests;
			productReference = 12ED5CF62845EDCC009C2E06 /* WhoofTests.xctest */;
			productType = "com.apple.product-type.bundle.unit-test";
		};
		12ED5CFF2845EDCD009C2E06 /* WhoofUITests */ = {
			isa = PBXNativeTarget;
			buildConfigurationList = 12ED5D102845EDCD009C2E06 /* Build configuration list for PBXNativeTarget "WhoofUITests" */;
			buildPhases = (
				12ED5CFC2845EDCD009C2E06 /* Sources */,
				12ED5CFD2845EDCD009C2E06 /* Frameworks */,
				12ED5CFE2845EDCD009C2E06 /* Resources */,
			);
			buildRules = (
			);
			dependencies = (
				12ED5D022845EDCD009C2E06 /* PBXTargetDependency */,
			);
			name = WhoofUITests;
			productName = WhoofUITests;
			productReference = 12ED5D002845EDCD009C2E06 /* WhoofUITests.xctest */;
			productType = "com.apple.product-type.bundle.ui-testing";
		};
/* End PBXNativeTarget section */

/* Begin PBXProject section */
		12ED5CDE2845EDCA009C2E06 /* Project object */ = {
			isa = PBXProject;
			attributes = {
				BuildIndependentTargetsInParallel = 1;
				LastSwiftUpdateCheck = 1330;
				LastUpgradeCheck = 1330;
				TargetAttributes = {
					12ED5CE52845EDCB009C2E06 = {
						CreatedOnToolsVersion = 13.3.1;
					};
					12ED5CF52845EDCC009C2E06 = {
						CreatedOnToolsVersion = 13.3.1;
						TestTargetID = 12ED5CE52845EDCB009C2E06;
					};
					12ED5CFF2845EDCD009C2E06 = {
						CreatedOnToolsVersion = 13.3.1;
						TestTargetID = 12ED5CE52845EDCB009C2E06;
					};
				};
			};
			buildConfigurationList = 12ED5CE12845EDCA009C2E06 /* Build configuration list for PBXProject "Whoof" */;
			compatibilityVersion = "Xcode 13.0";
			developmentRegion = en;
			hasScannedForEncodings = 0;
			knownRegions = (
				en,
				Base,
			);
			mainGroup = 12ED5CDD2845EDCA009C2E06;
			packageReferences = (
			);
			productRefGroup = 12ED5CE72845EDCB009C2E06 /* Products */;
			projectDirPath = "";
			projectRoot = "";
			targets = (
				12ED5CE52845EDCB009C2E06 /* Whoof */,
				12ED5CF52845EDCC009C2E06 /* WhoofTests */,
				12ED5CFF2845EDCD009C2E06 /* WhoofUITests */,
			);
		};
/* End PBXProject section */

/* Begin PBXResourcesBuildPhase section */
		12ED5CE42845EDCB009C2E06 /* Resources */ = {
			isa = PBXResourcesBuildPhase;
			buildActionMask = 2147483647;
			files = (
				122368F7285A3F7C00B900D6 /* Colors.xcassets in Resources */,
				12236900285A490100B900D6 /* GoogleService-Info.plist in Resources */,
				12ED5CF12845EDCC009C2E06 /* Preview Assets.xcassets in Resources */,
				12ED5CEE2845EDCC009C2E06 /* Assets.xcassets in Resources */,
			);
			runOnlyForDeploymentPostprocessing = 0;
		};
		12ED5CF42845EDCC009C2E06 /* Resources */ = {
			isa = PBXResourcesBuildPhase;
			buildActionMask = 2147483647;
			files = (
				12236901285A490100B900D6 /* GoogleService-Info.plist in Resources */,
			);
			runOnlyForDeploymentPostprocessing = 0;
		};
		12ED5CFE2845EDCD009C2E06 /* Resources */ = {
			isa = PBXResourcesBuildPhase;
			buildActionMask = 2147483647;
			files = (
				12236902285A490100B900D6 /* GoogleService-Info.plist in Resources */,
			);
			runOnlyForDeploymentPostprocessing = 0;
		};
/* End PBXResourcesBuildPhase section */

/* Begin PBXSourcesBuildPhase section */
		12ED5CE22845EDCB009C2E06 /* Sources */ = {
			isa = PBXSourcesBuildPhase;
			buildActionMask = 2147483647;
			files = (
				120E1BBB2854830100B88BE6 /* EntryField.swift in Sources */,
				120E1BAF28546A4E00B88BE6 /* KeyPadRow.swift in Sources */,
				120E1BA82854589700B88BE6 /* PhoneLoginView.swift in Sources */,
				12C7DC4A2859C83A00E6D00F /* SignupViewModel.swift in Sources */,
				12C7DC4F2859C98300E6D00F /* SignInViewModel.swift in Sources */,
				120E1BBF285487E000B88BE6 /* View Extension.swift in Sources */,
				122F5AAE285A19E200869540 /* UserAuth.swift in Sources */,
				122368FC285A468500B900D6 /* HomeTabViewModel.swift in Sources */,
				12C7DC472859C7F800E6D00F /* SignupView.swift in Sources */,
				122368F9285A42BE00B900D6 /* CustomProgressView.swift in Sources */,
				120E1BC228548C6100B88BE6 /* CustomTextField.swift in Sources */,
				12661AEA285A289B00897990 /* AnalyticsView.swift in Sources */,
				12ABEB0728461DA7005FCE5A /* LoginView.swift in Sources */,
				12661AEE285A29A700897990 /* ProfileView.swift in Sources */,
				12661AEC285A295500897990 /* HomeTabView.swift in Sources */,
				12ABEB09284620B0005FCE5A /* Colors.swift in Sources */,
				12D3085D285893C900C56D87 /* WhoofRequests.swift in Sources */,
				120E1BB128546A8200B88BE6 /* KeyPad.swift in Sources */,
				120E1BB52854746100B88BE6 /* VerifyOTPView.swift in Sources */,
				122F5AAC285A15D600869540 /* Common.swift in Sources */,
				120E1BB92854762700B88BE6 /* SegmentsView.swift in Sources */,
				12ED5CEC2845EDCB009C2E06 /* ContentView.swift in Sources */,
				120E1BBD2854842400B88BE6 /* OnBoardingViewModel.swift in Sources */,
				12ED5CEA2845EDCB009C2E06 /* WhoofApp.swift in Sources */,
				120E1BAA28545D1E00B88BE6 /* cornerRadius Extension.swift in Sources */,
				120E1BAD28546A0A00B88BE6 /* KeyPadButton.swift in Sources */,
				12D308612858976000C56D87 /* BetterDecodingError.swift in Sources */,
				120E1BB7285475A700B88BE6 /* OnboardingView.swift in Sources */,
				122F5AAA285A139E00869540 /* HomeView.swift in Sources */,
				12C7DC4D2859C97600E6D00F /* SignInView.swift in Sources */,
				122368FE285A47C900B900D6 /* HomeTabModel.swift in Sources */,
				12D3085B2858939B00C56D87 /* NetworkRequest.swift in Sources */,
			);
			runOnlyForDeploymentPostprocessing = 0;
		};
		12ED5CF22845EDCC009C2E06 /* Sources */ = {
			isa = PBXSourcesBuildPhase;
			buildActionMask = 2147483647;
			files = (
				12ED5CFB2845EDCC009C2E06 /* WhoofTests.swift in Sources */,
			);
			runOnlyForDeploymentPostprocessing = 0;
		};
		12ED5CFC2845EDCD009C2E06 /* Sources */ = {
			isa = PBXSourcesBuildPhase;
			buildActionMask = 2147483647;
			files = (
				12ED5D072845EDCD009C2E06 /* WhoofUITestsLaunchTests.swift in Sources */,
				12ED5D052845EDCD009C2E06 /* WhoofUITests.swift in Sources */,
			);
			runOnlyForDeploymentPostprocessing = 0;
		};
/* End PBXSourcesBuildPhase section */

/* Begin PBXTargetDependency section */
		12ED5CF82845EDCC009C2E06 /* PBXTargetDependency */ = {
			isa = PBXTargetDependency;
			target = 12ED5CE52845EDCB009C2E06 /* Whoof */;
			targetProxy = 12ED5CF72845EDCC009C2E06 /* PBXContainerItemProxy */;
		};
		12ED5D022845EDCD009C2E06 /* PBXTargetDependency */ = {
			isa = PBXTargetDependency;
			target = 12ED5CE52845EDCB009C2E06 /* Whoof */;
			targetProxy = 12ED5D012845EDCD009C2E06 /* PBXContainerItemProxy */;
		};
/* End PBXTargetDependency section */

/* Begin XCBuildConfiguration section */
		12ED5D082845EDCD009C2E06 /* Debug */ = {
			isa = XCBuildConfiguration;
			buildSettings = {
				ALWAYS_SEARCH_USER_PATHS = NO;
				CLANG_ANALYZER_NONNULL = YES;
				CLANG_ANALYZER_NUMBER_OBJECT_CONVERSION = YES_AGGRESSIVE;
				CLANG_CXX_LANGUAGE_STANDARD = "gnu++17";
				CLANG_ENABLE_MODULES = YES;
				CLANG_ENABLE_OBJC_ARC = YES;
				CLANG_ENABLE_OBJC_WEAK = YES;
				CLANG_WARN_BLOCK_CAPTURE_AUTORELEASING = YES;
				CLANG_WARN_BOOL_CONVERSION = YES;
				CLANG_WARN_COMMA = YES;
				CLANG_WARN_CONSTANT_CONVERSION = YES;
				CLANG_WARN_DEPRECATED_OBJC_IMPLEMENTATIONS = YES;
				CLANG_WARN_DIRECT_OBJC_ISA_USAGE = YES_ERROR;
				CLANG_WARN_DOCUMENTATION_COMMENTS = YES;
				CLANG_WARN_EMPTY_BODY = YES;
				CLANG_WARN_ENUM_CONVERSION = YES;
				CLANG_WARN_INFINITE_RECURSION = YES;
				CLANG_WARN_INT_CONVERSION = YES;
				CLANG_WARN_NON_LITERAL_NULL_CONVERSION = YES;
				CLANG_WARN_OBJC_IMPLICIT_RETAIN_SELF = YES;
				CLANG_WARN_OBJC_LITERAL_CONVERSION = YES;
				CLANG_WARN_OBJC_ROOT_CLASS = YES_ERROR;
				CLANG_WARN_QUOTED_INCLUDE_IN_FRAMEWORK_HEADER = YES;
				CLANG_WARN_RANGE_LOOP_ANALYSIS = YES;
				CLANG_WARN_STRICT_PROTOTYPES = YES;
				CLANG_WARN_SUSPICIOUS_MOVE = YES;
				CLANG_WARN_UNGUARDED_AVAILABILITY = YES_AGGRESSIVE;
				CLANG_WARN_UNREACHABLE_CODE = YES;
				CLANG_WARN__DUPLICATE_METHOD_MATCH = YES;
				COPY_PHASE_STRIP = NO;
				DEBUG_INFORMATION_FORMAT = dwarf;
				ENABLE_STRICT_OBJC_MSGSEND = YES;
				ENABLE_TESTABILITY = YES;
				GCC_C_LANGUAGE_STANDARD = gnu11;
				GCC_DYNAMIC_NO_PIC = NO;
				GCC_NO_COMMON_BLOCKS = YES;
				GCC_OPTIMIZATION_LEVEL = 0;
				GCC_PREPROCESSOR_DEFINITIONS = (
					"DEBUG=1",
					"$(inherited)",
				);
				GCC_WARN_64_TO_32_BIT_CONVERSION = YES;
				GCC_WARN_ABOUT_RETURN_TYPE = YES_ERROR;
				GCC_WARN_UNDECLARED_SELECTOR = YES;
				GCC_WARN_UNINITIALIZED_AUTOS = YES_AGGRESSIVE;
				GCC_WARN_UNUSED_FUNCTION = YES;
				GCC_WARN_UNUSED_VARIABLE = YES;
				IPHONEOS_DEPLOYMENT_TARGET = 15.4;
				MTL_ENABLE_DEBUG_INFO = INCLUDE_SOURCE;
				MTL_FAST_MATH = YES;
				ONLY_ACTIVE_ARCH = YES;
				SDKROOT = iphoneos;
				SWIFT_ACTIVE_COMPILATION_CONDITIONS = DEBUG;
				SWIFT_OPTIMIZATION_LEVEL = "-Onone";
			};
			name = Debug;
		};
		12ED5D092845EDCD009C2E06 /* Release */ = {
			isa = XCBuildConfiguration;
			buildSettings = {
				ALWAYS_SEARCH_USER_PATHS = NO;
				CLANG_ANALYZER_NONNULL = YES;
				CLANG_ANALYZER_NUMBER_OBJECT_CONVERSION = YES_AGGRESSIVE;
				CLANG_CXX_LANGUAGE_STANDARD = "gnu++17";
				CLANG_ENABLE_MODULES = YES;
				CLANG_ENABLE_OBJC_ARC = YES;
				CLANG_ENABLE_OBJC_WEAK = YES;
				CLANG_WARN_BLOCK_CAPTURE_AUTORELEASING = YES;
				CLANG_WARN_BOOL_CONVERSION = YES;
				CLANG_WARN_COMMA = YES;
				CLANG_WARN_CONSTANT_CONVERSION = YES;
				CLANG_WARN_DEPRECATED_OBJC_IMPLEMENTATIONS = YES;
				CLANG_WARN_DIRECT_OBJC_ISA_USAGE = YES_ERROR;
				CLANG_WARN_DOCUMENTATION_COMMENTS = YES;
				CLANG_WARN_EMPTY_BODY = YES;
				CLANG_WARN_ENUM_CONVERSION = YES;
				CLANG_WARN_INFINITE_RECURSION = YES;
				CLANG_WARN_INT_CONVERSION = YES;
				CLANG_WARN_NON_LITERAL_NULL_CONVERSION = YES;
				CLANG_WARN_OBJC_IMPLICIT_RETAIN_SELF = YES;
				CLANG_WARN_OBJC_LITERAL_CONVERSION = YES;
				CLANG_WARN_OBJC_ROOT_CLASS = YES_ERROR;
				CLANG_WARN_QUOTED_INCLUDE_IN_FRAMEWORK_HEADER = YES;
				CLANG_WARN_RANGE_LOOP_ANALYSIS = YES;
				CLANG_WARN_STRICT_PROTOTYPES = YES;
				CLANG_WARN_SUSPICIOUS_MOVE = YES;
				CLANG_WARN_UNGUARDED_AVAILABILITY = YES_AGGRESSIVE;
				CLANG_WARN_UNREACHABLE_CODE = YES;
				CLANG_WARN__DUPLICATE_METHOD_MATCH = YES;
				COPY_PHASE_STRIP = NO;
				DEBUG_INFORMATION_FORMAT = "dwarf-with-dsym";
				ENABLE_NS_ASSERTIONS = NO;
				ENABLE_STRICT_OBJC_MSGSEND = YES;
				GCC_C_LANGUAGE_STANDARD = gnu11;
				GCC_NO_COMMON_BLOCKS = YES;
				GCC_WARN_64_TO_32_BIT_CONVERSION = YES;
				GCC_WARN_ABOUT_RETURN_TYPE = YES_ERROR;
				GCC_WARN_UNDECLARED_SELECTOR = YES;
				GCC_WARN_UNINITIALIZED_AUTOS = YES_AGGRESSIVE;
				GCC_WARN_UNUSED_FUNCTION = YES;
				GCC_WARN_UNUSED_VARIABLE = YES;
				IPHONEOS_DEPLOYMENT_TARGET = 15.4;
				MTL_ENABLE_DEBUG_INFO = NO;
				MTL_FAST_MATH = YES;
				SDKROOT = iphoneos;
				SWIFT_COMPILATION_MODE = wholemodule;
				SWIFT_OPTIMIZATION_LEVEL = "-O";
				VALIDATE_PRODUCT = YES;
			};
			name = Release;
		};
		12ED5D0B2845EDCD009C2E06 /* Debug */ = {
			isa = XCBuildConfiguration;
			buildSettings = {
				ASSETCATALOG_COMPILER_APPICON_NAME = AppIcon;
				ASSETCATALOG_COMPILER_GLOBAL_ACCENT_COLOR_NAME = AccentColor;
				CODE_SIGN_STYLE = Automatic;
				CURRENT_PROJECT_VERSION = 1;
				DEVELOPMENT_ASSET_PATHS = "\"Whoof/Preview Content\"";
				DEVELOPMENT_TEAM = 3X36877TBQ;
				ENABLE_PREVIEWS = YES;
				GENERATE_INFOPLIST_FILE = YES;
				INFOPLIST_KEY_UIApplicationSceneManifest_Generation = YES;
				INFOPLIST_KEY_UIApplicationSupportsIndirectInputEvents = YES;
				INFOPLIST_KEY_UILaunchScreen_Generation = YES;
				INFOPLIST_KEY_UISupportedInterfaceOrientations_iPad = "UIInterfaceOrientationPortrait UIInterfaceOrientationPortraitUpsideDown UIInterfaceOrientationLandscapeLeft UIInterfaceOrientationLandscapeRight";
				INFOPLIST_KEY_UISupportedInterfaceOrientations_iPhone = "UIInterfaceOrientationPortrait UIInterfaceOrientationLandscapeLeft UIInterfaceOrientationLandscapeRight";
				LD_RUNPATH_SEARCH_PATHS = (
					"$(inherited)",
					"@executable_path/Frameworks",
				);
				MARKETING_VERSION = 1.0;
				PRODUCT_BUNDLE_IDENTIFIER = whoof.org.Whoof;
				PRODUCT_NAME = "$(TARGET_NAME)";
				SWIFT_EMIT_LOC_STRINGS = YES;
				SWIFT_VERSION = 5.0;
				TARGETED_DEVICE_FAMILY = "1,2";
			};
			name = Debug;
		};
		12ED5D0C2845EDCD009C2E06 /* Release */ = {
			isa = XCBuildConfiguration;
			buildSettings = {
				ASSETCATALOG_COMPILER_APPICON_NAME = AppIcon;
				ASSETCATALOG_COMPILER_GLOBAL_ACCENT_COLOR_NAME = AccentColor;
				CODE_SIGN_STYLE = Automatic;
				CURRENT_PROJECT_VERSION = 1;
				DEVELOPMENT_ASSET_PATHS = "\"Whoof/Preview Content\"";
				DEVELOPMENT_TEAM = 3X36877TBQ;
				ENABLE_PREVIEWS = YES;
				GENERATE_INFOPLIST_FILE = YES;
				INFOPLIST_KEY_UIApplicationSceneManifest_Generation = YES;
				INFOPLIST_KEY_UIApplicationSupportsIndirectInputEvents = YES;
				INFOPLIST_KEY_UILaunchScreen_Generation = YES;
				INFOPLIST_KEY_UISupportedInterfaceOrientations_iPad = "UIInterfaceOrientationPortrait UIInterfaceOrientationPortraitUpsideDown UIInterfaceOrientationLandscapeLeft UIInterfaceOrientationLandscapeRight";
				INFOPLIST_KEY_UISupportedInterfaceOrientations_iPhone = "UIInterfaceOrientationPortrait UIInterfaceOrientationLandscapeLeft UIInterfaceOrientationLandscapeRight";
				LD_RUNPATH_SEARCH_PATHS = (
					"$(inherited)",
					"@executable_path/Frameworks",
				);
				MARKETING_VERSION = 1.0;
				PRODUCT_BUNDLE_IDENTIFIER = whoof.org.Whoof;
				PRODUCT_NAME = "$(TARGET_NAME)";
				SWIFT_EMIT_LOC_STRINGS = YES;
				SWIFT_VERSION = 5.0;
				TARGETED_DEVICE_FAMILY = "1,2";
			};
			name = Release;
		};
		12ED5D0E2845EDCD009C2E06 /* Debug */ = {
			isa = XCBuildConfiguration;
			buildSettings = {
				ALWAYS_EMBED_SWIFT_STANDARD_LIBRARIES = YES;
				BUNDLE_LOADER = "$(TEST_HOST)";
				CODE_SIGN_STYLE = Automatic;
				CURRENT_PROJECT_VERSION = 1;
				DEVELOPMENT_TEAM = 3X36877TBQ;
				GENERATE_INFOPLIST_FILE = YES;
				IPHONEOS_DEPLOYMENT_TARGET = 15.4;
				MARKETING_VERSION = 1.0;
				PRODUCT_BUNDLE_IDENTIFIER = whoof.org.WhoofTests;
				PRODUCT_NAME = "$(TARGET_NAME)";
				SWIFT_EMIT_LOC_STRINGS = NO;
				SWIFT_VERSION = 5.0;
				TARGETED_DEVICE_FAMILY = "1,2";
				TEST_HOST = "$(BUILT_PRODUCTS_DIR)/Whoof.app/Whoof";
			};
			name = Debug;
		};
		12ED5D0F2845EDCD009C2E06 /* Release */ = {
			isa = XCBuildConfiguration;
			buildSettings = {
				ALWAYS_EMBED_SWIFT_STANDARD_LIBRARIES = YES;
				BUNDLE_LOADER = "$(TEST_HOST)";
				CODE_SIGN_STYLE = Automatic;
				CURRENT_PROJECT_VERSION = 1;
				DEVELOPMENT_TEAM = 3X36877TBQ;
				GENERATE_INFOPLIST_FILE = YES;
				IPHONEOS_DEPLOYMENT_TARGET = 15.4;
				MARKETING_VERSION = 1.0;
				PRODUCT_BUNDLE_IDENTIFIER = whoof.org.WhoofTests;
				PRODUCT_NAME = "$(TARGET_NAME)";
				SWIFT_EMIT_LOC_STRINGS = NO;
				SWIFT_VERSION = 5.0;
				TARGETED_DEVICE_FAMILY = "1,2";
				TEST_HOST = "$(BUILT_PRODUCTS_DIR)/Whoof.app/Whoof";
			};
			name = Release;
		};
		12ED5D112845EDCD009C2E06 /* Debug */ = {
			isa = XCBuildConfiguration;
			buildSettings = {
				ALWAYS_EMBED_SWIFT_STANDARD_LIBRARIES = YES;
				CODE_SIGN_STYLE = Automatic;
				CURRENT_PROJECT_VERSION = 1;
				DEVELOPMENT_TEAM = 3X36877TBQ;
				GENERATE_INFOPLIST_FILE = YES;
				MARKETING_VERSION = 1.0;
				PRODUCT_BUNDLE_IDENTIFIER = whoof.org.WhoofUITests;
				PRODUCT_NAME = "$(TARGET_NAME)";
				SWIFT_EMIT_LOC_STRINGS = NO;
				SWIFT_VERSION = 5.0;
				TARGETED_DEVICE_FAMILY = "1,2";
				TEST_TARGET_NAME = Whoof;
			};
			name = Debug;
		};
		12ED5D122845EDCD009C2E06 /* Release */ = {
			isa = XCBuildConfiguration;
			buildSettings = {
				ALWAYS_EMBED_SWIFT_STANDARD_LIBRARIES = YES;
				CODE_SIGN_STYLE = Automatic;
				CURRENT_PROJECT_VERSION = 1;
				DEVELOPMENT_TEAM = 3X36877TBQ;
				GENERATE_INFOPLIST_FILE = YES;
				MARKETING_VERSION = 1.0;
				PRODUCT_BUNDLE_IDENTIFIER = whoof.org.WhoofUITests;
				PRODUCT_NAME = "$(TARGET_NAME)";
				SWIFT_EMIT_LOC_STRINGS = NO;
				SWIFT_VERSION = 5.0;
				TARGETED_DEVICE_FAMILY = "1,2";
				TEST_TARGET_NAME = Whoof;
			};
			name = Release;
		};
/* End XCBuildConfiguration section */

/* Begin XCConfigurationList section */
		12ED5CE12845EDCA009C2E06 /* Build configuration list for PBXProject "Whoof" */ = {
			isa = XCConfigurationList;
			buildConfigurations = (
				12ED5D082845EDCD009C2E06 /* Debug */,
				12ED5D092845EDCD009C2E06 /* Release */,
			);
			defaultConfigurationIsVisible = 0;
			defaultConfigurationName = Release;
		};
		12ED5D0A2845EDCD009C2E06 /* Build configuration list for PBXNativeTarget "Whoof" */ = {
			isa = XCConfigurationList;
			buildConfigurations = (
				12ED5D0B2845EDCD009C2E06 /* Debug */,
				12ED5D0C2845EDCD009C2E06 /* Release */,
			);
			defaultConfigurationIsVisible = 0;
			defaultConfigurationName = Release;
		};
		12ED5D0D2845EDCD009C2E06 /* Build configuration list for PBXNativeTarget "WhoofTests" */ = {
			isa = XCConfigurationList;
			buildConfigurations = (
				12ED5D0E2845EDCD009C2E06 /* Debug */,
				12ED5D0F2845EDCD009C2E06 /* Release */,
			);
			defaultConfigurationIsVisible = 0;
			defaultConfigurationName = Release;
		};
		12ED5D102845EDCD009C2E06 /* Build configuration list for PBXNativeTarget "WhoofUITests" */ = {
			isa = XCConfigurationList;
			buildConfigurations = (
				12ED5D112845EDCD009C2E06 /* Debug */,
				12ED5D122845EDCD009C2E06 /* Release */,
			);
			defaultConfigurationIsVisible = 0;
			defaultConfigurationName = Release;
		};
/* End XCConfigurationList section */
	};
	rootObject = 12ED5CDE2845EDCA009C2E06 /* Project object */;
}
